// !$*UTF8*$!
{
	archiveVersion = 1;
	classes = {
	};
	objectVersion = 52;
	objects = {

/* Begin PBXBuildFile section */
		8D395A4824E32EE60032226E /* AppDelegate.swift in Sources */ = {isa = PBXBuildFile; fileRef = 8D395A4724E32EE60032226E /* AppDelegate.swift */; };
		8D395A4A24E32EE60032226E /* SceneDelegate.swift in Sources */ = {isa = PBXBuildFile; fileRef = 8D395A4924E32EE60032226E /* SceneDelegate.swift */; };
		8D395A4C24E32EE60032226E /* ContentView.swift in Sources */ = {isa = PBXBuildFile; fileRef = 8D395A4B24E32EE60032226E /* ContentView.swift */; };
		8D395A4E24E32EE90032226E /* Assets.xcassets in Resources */ = {isa = PBXBuildFile; fileRef = 8D395A4D24E32EE90032226E /* Assets.xcassets */; };
		8D395A5124E32EE90032226E /* Preview Assets.xcassets in Resources */ = {isa = PBXBuildFile; fileRef = 8D395A5024E32EE90032226E /* Preview Assets.xcassets */; };
		8D395A5424E32EE90032226E /* LaunchScreen.storyboard in Resources */ = {isa = PBXBuildFile; fileRef = 8D395A5224E32EE90032226E /* LaunchScreen.storyboard */; };
		8D395A5F24E32EE90032226E /* test_cicdTests.swift in Sources */ = {isa = PBXBuildFile; fileRef = 8D395A5E24E32EE90032226E /* test_cicdTests.swift */; };
		8D395A6A24E32EE90032226E /* test_cicdUITests.swift in Sources */ = {isa = PBXBuildFile; fileRef = 8D395A6924E32EE90032226E /* test_cicdUITests.swift */; };
/* End PBXBuildFile section */

/* Begin PBXContainerItemProxy section */
		8D395A5B24E32EE90032226E /* PBXContainerItemProxy */ = {
			isa = PBXContainerItemProxy;
			containerPortal = 8D395A3C24E32EE60032226E /* Project object */;
			proxyType = 1;
			remoteGlobalIDString = 8D395A4324E32EE60032226E;
			remoteInfo = test.cicd;
		};
		8D395A6624E32EE90032226E /* PBXContainerItemProxy */ = {
			isa = PBXContainerItemProxy;
			containerPortal = 8D395A3C24E32EE60032226E /* Project object */;
			proxyType = 1;
			remoteGlobalIDString = 8D395A4324E32EE60032226E;
			remoteInfo = test.cicd;
		};
/* End PBXContainerItemProxy section */

/* Begin PBXFileReference section */
		8D395A4424E32EE60032226E /* test.cicd.app */ = {isa = PBXFileReference; explicitFileType = wrapper.application; includeInIndex = 0; path = test.cicd.app; sourceTree = BUILT_PRODUCTS_DIR; };
		8D395A4724E32EE60032226E /* AppDelegate.swift */ = {isa = PBXFileReference; lastKnownFileType = sourcecode.swift; path = AppDelegate.swift; sourceTree = "<group>"; };
		8D395A4924E32EE60032226E /* SceneDelegate.swift */ = {isa = PBXFileReference; lastKnownFileType = sourcecode.swift; path = SceneDelegate.swift; sourceTree = "<group>"; };
		8D395A4B24E32EE60032226E /* ContentView.swift */ = {isa = PBXFileReference; lastKnownFileType = sourcecode.swift; path = ContentView.swift; sourceTree = "<group>"; };
		8D395A4D24E32EE90032226E /* Assets.xcassets */ = {isa = PBXFileReference; lastKnownFileType = folder.assetcatalog; path = Assets.xcassets; sourceTree = "<group>"; };
		8D395A5024E32EE90032226E /* Preview Assets.xcassets */ = {isa = PBXFileReference; lastKnownFileType = folder.assetcatalog; path = "Preview Assets.xcassets"; sourceTree = "<group>"; };
		8D395A5324E32EE90032226E /* Base */ = {isa = PBXFileReference; lastKnownFileType = file.storyboard; name = Base; path = Base.lproj/LaunchScreen.storyboard; sourceTree = "<group>"; };
		8D395A5524E32EE90032226E /* Info.plist */ = {isa = PBXFileReference; lastKnownFileType = text.plist.xml; path = Info.plist; sourceTree = "<group>"; };
		8D395A5A24E32EE90032226E /* test.cicdTests.xctest */ = {isa = PBXFileReference; explicitFileType = wrapper.cfbundle; includeInIndex = 0; path = test.cicdTests.xctest; sourceTree = BUILT_PRODUCTS_DIR; };
		8D395A5E24E32EE90032226E /* test_cicdTests.swift */ = {isa = PBXFileReference; lastKnownFileType = sourcecode.swift; path = test_cicdTests.swift; sourceTree = "<group>"; };
		8D395A6024E32EE90032226E /* Info.plist */ = {isa = PBXFileReference; lastKnownFileType = text.plist.xml; path = Info.plist; sourceTree = "<group>"; };
		8D395A6524E32EE90032226E /* test.cicdUITests.xctest */ = {isa = PBXFileReference; explicitFileType = wrapper.cfbundle; includeInIndex = 0; path = test.cicdUITests.xctest; sourceTree = BUILT_PRODUCTS_DIR; };
		8D395A6924E32EE90032226E /* test_cicdUITests.swift */ = {isa = PBXFileReference; lastKnownFileType = sourcecode.swift; path = test_cicdUITests.swift; sourceTree = "<group>"; };
		8D395A6B24E32EE90032226E /* Info.plist */ = {isa = PBXFileReference; lastKnownFileType = text.plist.xml; path = Info.plist; sourceTree = "<group>"; };
/* End PBXFileReference section */

/* Begin PBXFrameworksBuildPhase section */
		8D395A4124E32EE60032226E /* Frameworks */ = {
			isa = PBXFrameworksBuildPhase;
			buildActionMask = 2147483647;
			files = (
			);
			runOnlyForDeploymentPostprocessing = 0;
		};
		8D395A5724E32EE90032226E /* Frameworks */ = {
			isa = PBXFrameworksBuildPhase;
			buildActionMask = 2147483647;
			files = (
			);
			runOnlyForDeploymentPostprocessing = 0;
		};
		8D395A6224E32EE90032226E /* Frameworks */ = {
			isa = PBXFrameworksBuildPhase;
			buildActionMask = 2147483647;
			files = (
			);
			runOnlyForDeploymentPostprocessing = 0;
		};
/* End PBXFrameworksBuildPhase section */

/* Begin PBXGroup section */
		8D395A3B24E32EE60032226E = {
			isa = PBXGroup;
			children = (
				8D395A4624E32EE60032226E /* test.cicd */,
				8D395A5D24E32EE90032226E /* test.cicdTests */,
				8D395A6824E32EE90032226E /* test.cicdUITests */,
				8D395A4524E32EE60032226E /* Products */,
			);
			sourceTree = "<group>";
		};
		8D395A4524E32EE60032226E /* Products */ = {
			isa = PBXGroup;
			children = (
				8D395A4424E32EE60032226E /* test.cicd.app */,
				8D395A5A24E32EE90032226E /* test.cicdTests.xctest */,
				8D395A6524E32EE90032226E /* test.cicdUITests.xctest */,
			);
			name = Products;
			sourceTree = "<group>";
		};
		8D395A4624E32EE60032226E /* test.cicd */ = {
			isa = PBXGroup;
			children = (
				8D395A4724E32EE60032226E /* AppDelegate.swift */,
				8D395A4924E32EE60032226E /* SceneDelegate.swift */,
				8D395A4B24E32EE60032226E /* ContentView.swift */,
				8D395A4D24E32EE90032226E /* Assets.xcassets */,
				8D395A5224E32EE90032226E /* LaunchScreen.storyboard */,
				8D395A5524E32EE90032226E /* Info.plist */,
				8D395A4F24E32EE90032226E /* Preview Content */,
			);
			path = test.cicd;
			sourceTree = "<group>";
		};
		8D395A4F24E32EE90032226E /* Preview Content */ = {
			isa = PBXGroup;
			children = (
				8D395A5024E32EE90032226E /* Preview Assets.xcassets */,
			);
			path = "Preview Content";
			sourceTree = "<group>";
		};
		8D395A5D24E32EE90032226E /* test.cicdTests */ = {
			isa = PBXGroup;
			children = (
				8D395A5E24E32EE90032226E /* test_cicdTests.swift */,
				8D395A6024E32EE90032226E /* Info.plist */,
			);
			path = test.cicdTests;
			sourceTree = "<group>";
		};
		8D395A6824E32EE90032226E /* test.cicdUITests */ = {
			isa = PBXGroup;
			children = (
				8D395A6924E32EE90032226E /* test_cicdUITests.swift */,
				8D395A6B24E32EE90032226E /* Info.plist */,
			);
			path = test.cicdUITests;
			sourceTree = "<group>";
		};
/* End PBXGroup section */

/* Begin PBXNativeTarget section */
		8D395A4324E32EE60032226E /* test.cicd */ = {
			isa = PBXNativeTarget;
			buildConfigurationList = 8D395A6E24E32EE90032226E /* Build configuration list for PBXNativeTarget "test.cicd" */;
			buildPhases = (
				8D395A4024E32EE60032226E /* Sources */,
				8D395A4124E32EE60032226E /* Frameworks */,
				8D395A4224E32EE60032226E /* Resources */,
			);
			buildRules = (
			);
			dependencies = (
			);
			name = test.cicd;
			packageProductDependencies = (
			);
			productName = test.cicd;
			productReference = 8D395A4424E32EE60032226E /* test.cicd.app */;
			productType = "com.apple.product-type.application";
		};
		8D395A5924E32EE90032226E /* test.cicdTests */ = {
			isa = PBXNativeTarget;
			buildConfigurationList = 8D395A7124E32EE90032226E /* Build configuration list for PBXNativeTarget "test.cicdTests" */;
			buildPhases = (
				8D395A5624E32EE90032226E /* Sources */,
				8D395A5724E32EE90032226E /* Frameworks */,
				8D395A5824E32EE90032226E /* Resources */,
			);
			buildRules = (
			);
			dependencies = (
				8D395A5C24E32EE90032226E /* PBXTargetDependency */,
			);
			name = test.cicdTests;
			productName = test.cicdTests;
			productReference = 8D395A5A24E32EE90032226E /* test.cicdTests.xctest */;
			productType = "com.apple.product-type.bundle.unit-test";
		};
		8D395A6424E32EE90032226E /* test.cicdUITests */ = {
			isa = PBXNativeTarget;
			buildConfigurationList = 8D395A7424E32EE90032226E /* Build configuration list for PBXNativeTarget "test.cicdUITests" */;
			buildPhases = (
				8D395A6124E32EE90032226E /* Sources */,
				8D395A6224E32EE90032226E /* Frameworks */,
				8D395A6324E32EE90032226E /* Resources */,
			);
			buildRules = (
			);
			dependencies = (
				8D395A6724E32EE90032226E /* PBXTargetDependency */,
			);
			name = test.cicdUITests;
			productName = test.cicdUITests;
			productReference = 8D395A6524E32EE90032226E /* test.cicdUITests.xctest */;
			productType = "com.apple.product-type.bundle.ui-testing";
		};
/* End PBXNativeTarget section */

/* Begin PBXProject section */
		8D395A3C24E32EE60032226E /* Project object */ = {
			isa = PBXProject;
			attributes = {
				LastSwiftUpdateCheck = 1160;
				LastUpgradeCheck = 1160;
				ORGANIZATIONNAME = "Johnny Peterson";
				TargetAttributes = {
					8D395A4324E32EE60032226E = {
						CreatedOnToolsVersion = 11.6;
					};
					8D395A5924E32EE90032226E = {
						CreatedOnToolsVersion = 11.6;
						TestTargetID = 8D395A4324E32EE60032226E;
					};
					8D395A6424E32EE90032226E = {
						CreatedOnToolsVersion = 11.6;
						TestTargetID = 8D395A4324E32EE60032226E;
					};
				};
			};
			buildConfigurationList = 8D395A3F24E32EE60032226E /* Build configuration list for PBXProject "test.cicd" */;
			compatibilityVersion = "Xcode 9.3";
			developmentRegion = en;
			hasScannedForEncodings = 0;
			knownRegions = (
				en,
				Base,
			);
			mainGroup = 8D395A3B24E32EE60032226E;
			packageReferences = (
				8D78461924E3313C008EC1AB /* XCRemoteSwiftPackageReference "realm-cocoa" */,
			);
			productRefGroup = 8D395A4524E32EE60032226E /* Products */;
			projectDirPath = "";
			projectRoot = "";
			targets = (
				8D395A4324E32EE60032226E /* test.cicd */,
				8D395A5924E32EE90032226E /* test.cicdTests */,
				8D395A6424E32EE90032226E /* test.cicdUITests */,
			);
		};
/* End PBXProject section */

/* Begin PBXResourcesBuildPhase section */
		8D395A4224E32EE60032226E /* Resources */ = {
			isa = PBXResourcesBuildPhase;
			buildActionMask = 2147483647;
			files = (
				8D395A5424E32EE90032226E /* LaunchScreen.storyboard in Resources */,
				8D395A5124E32EE90032226E /* Preview Assets.xcassets in Resources */,
				8D395A4E24E32EE90032226E /* Assets.xcassets in Resources */,
			);
			runOnlyForDeploymentPostprocessing = 0;
		};
		8D395A5824E32EE90032226E /* Resources */ = {
			isa = PBXResourcesBuildPhase;
			buildActionMask = 2147483647;
			files = (
			);
			runOnlyForDeploymentPostprocessing = 0;
		};
		8D395A6324E32EE90032226E /* Resources */ = {
			isa = PBXResourcesBuildPhase;
			buildActionMask = 2147483647;
			files = (
			);
			runOnlyForDeploymentPostprocessing = 0;
		};
/* End PBXResourcesBuildPhase section */

/* Begin PBXSourcesBuildPhase section */
		8D395A4024E32EE60032226E /* Sources */ = {
			isa = PBXSourcesBuildPhase;
			buildActionMask = 2147483647;
			files = (
				8D395A4824E32EE60032226E /* AppDelegate.swift in Sources */,
				8D395A4A24E32EE60032226E /* SceneDelegate.swift in Sources */,
				8D395A4C24E32EE60032226E /* ContentView.swift in Sources */,
			);
			runOnlyForDeploymentPostprocessing = 0;
		};
		8D395A5624E32EE90032226E /* Sources */ = {
			isa = PBXSourcesBuildPhase;
			buildActionMask = 2147483647;
			files = (
				8D395A5F24E32EE90032226E /* test_cicdTests.swift in Sources */,
			);
			runOnlyForDeploymentPostprocessing = 0;
		};
		8D395A6124E32EE90032226E /* Sources */ = {
			isa = PBXSourcesBuildPhase;
			buildActionMask = 2147483647;
			files = (
				8D395A6A24E32EE90032226E /* test_cicdUITests.swift in Sources */,
			);
			runOnlyForDeploymentPostprocessing = 0;
		};
/* End PBXSourcesBuildPhase section */

/* Begin PBXTargetDependency section */
		8D395A5C24E32EE90032226E /* PBXTargetDependency */ = {
			isa = PBXTargetDependency;
			target = 8D395A4324E32EE60032226E /* test.cicd */;
			targetProxy = 8D395A5B24E32EE90032226E /* PBXContainerItemProxy */;
		};
		8D395A6724E32EE90032226E /* PBXTargetDependency */ = {
			isa = PBXTargetDependency;
			target = 8D395A4324E32EE60032226E /* test.cicd */;
			targetProxy = 8D395A6624E32EE90032226E /* PBXContainerItemProxy */;
		};
/* End PBXTargetDependency section */

/* Begin PBXVariantGroup section */
		8D395A5224E32EE90032226E /* LaunchScreen.storyboard */ = {
			isa = PBXVariantGroup;
			children = (
				8D395A5324E32EE90032226E /* Base */,
			);
			name = LaunchScreen.storyboard;
			sourceTree = "<group>";
		};
/* End PBXVariantGroup section */

/* Begin XCBuildConfiguration section */
		8D395A6C24E32EE90032226E /* Debug */ = {
			isa = XCBuildConfiguration;
			buildSettings = {
				ALWAYS_SEARCH_USER_PATHS = NO;
				CLANG_ANALYZER_NONNULL = YES;
				CLANG_ANALYZER_NUMBER_OBJECT_CONVERSION = YES_AGGRESSIVE;
				CLANG_CXX_LANGUAGE_STANDARD = "gnu++14";
				CLANG_CXX_LIBRARY = "libc++";
				CLANG_ENABLE_MODULES = YES;
				CLANG_ENABLE_OBJC_ARC = YES;
				CLANG_ENABLE_OBJC_WEAK = YES;
				CLANG_WARN_BLOCK_CAPTURE_AUTORELEASING = YES;
				CLANG_WARN_BOOL_CONVERSION = YES;
				CLANG_WARN_COMMA = YES;
				CLANG_WARN_CONSTANT_CONVERSION = YES;
				CLANG_WARN_DEPRECATED_OBJC_IMPLEMENTATIONS = YES;
				CLANG_WARN_DIRECT_OBJC_ISA_USAGE = YES_ERROR;
				CLANG_WARN_DOCUMENTATION_COMMENTS = YES;
				CLANG_WARN_EMPTY_BODY = YES;
				CLANG_WARN_ENUM_CONVERSION = YES;
				CLANG_WARN_INFINITE_RECURSION = YES;
				CLANG_WARN_INT_CONVERSION = YES;
				CLANG_WARN_NON_LITERAL_NULL_CONVERSION = YES;
				CLANG_WARN_OBJC_IMPLICIT_RETAIN_SELF = YES;
				CLANG_WARN_OBJC_LITERAL_CONVERSION = YES;
				CLANG_WARN_OBJC_ROOT_CLASS = YES_ERROR;
				CLANG_WARN_RANGE_LOOP_ANALYSIS = YES;
				CLANG_WARN_STRICT_PROTOTYPES = YES;
				CLANG_WARN_SUSPICIOUS_MOVE = YES;
				CLANG_WARN_UNGUARDED_AVAILABILITY = YES_AGGRESSIVE;
				CLANG_WARN_UNREACHABLE_CODE = YES;
				CLANG_WARN__DUPLICATE_METHOD_MATCH = YES;
				COPY_PHASE_STRIP = NO;
				DEBUG_INFORMATION_FORMAT = dwarf;
				ENABLE_STRICT_OBJC_MSGSEND = YES;
				ENABLE_TESTABILITY = YES;
				GCC_C_LANGUAGE_STANDARD = gnu11;
				GCC_DYNAMIC_NO_PIC = NO;
				GCC_NO_COMMON_BLOCKS = YES;
				GCC_OPTIMIZATION_LEVEL = 0;
				GCC_PREPROCESSOR_DEFINITIONS = (
					"DEBUG=1",
					"$(inherited)",
				);
				GCC_WARN_64_TO_32_BIT_CONVERSION = YES;
				GCC_WARN_ABOUT_RETURN_TYPE = YES_ERROR;
				GCC_WARN_UNDECLARED_SELECTOR = YES;
				GCC_WARN_UNINITIALIZED_AUTOS = YES_AGGRESSIVE;
				GCC_WARN_UNUSED_FUNCTION = YES;
				GCC_WARN_UNUSED_VARIABLE = YES;
				IPHONEOS_DEPLOYMENT_TARGET = 13.6;
				MTL_ENABLE_DEBUG_INFO = INCLUDE_SOURCE;
				MTL_FAST_MATH = YES;
				ONLY_ACTIVE_ARCH = YES;
				SDKROOT = iphoneos;
				SWIFT_ACTIVE_COMPILATION_CONDITIONS = DEBUG;
				SWIFT_OPTIMIZATION_LEVEL = "-Onone";
			};
			name = Debug;
		};
		8D395A6D24E32EE90032226E /* Release */ = {
			isa = XCBuildConfiguration;
			buildSettings = {
				ALWAYS_SEARCH_USER_PATHS = NO;
				CLANG_ANALYZER_NONNULL = YES;
				CLANG_ANALYZER_NUMBER_OBJECT_CONVERSION = YES_AGGRESSIVE;
				CLANG_CXX_LANGUAGE_STANDARD = "gnu++14";
				CLANG_CXX_LIBRARY = "libc++";
				CLANG_ENABLE_MODULES = YES;
				CLANG_ENABLE_OBJC_ARC = YES;
				CLANG_ENABLE_OBJC_WEAK = YES;
				CLANG_WARN_BLOCK_CAPTURE_AUTORELEASING = YES;
				CLANG_WARN_BOOL_CONVERSION = YES;
				CLANG_WARN_COMMA = YES;
				CLANG_WARN_CONSTANT_CONVERSION = YES;
				CLANG_WARN_DEPRECATED_OBJC_IMPLEMENTATIONS = YES;
				CLANG_WARN_DIRECT_OBJC_ISA_USAGE = YES_ERROR;
				CLANG_WARN_DOCUMENTATION_COMMENTS = YES;
				CLANG_WARN_EMPTY_BODY = YES;
				CLANG_WARN_ENUM_CONVERSION = YES;
				CLANG_WARN_INFINITE_RECURSION = YES;
				CLANG_WARN_INT_CONVERSION = YES;
				CLANG_WARN_NON_LITERAL_NULL_CONVERSION = YES;
				CLANG_WARN_OBJC_IMPLICIT_RETAIN_SELF = YES;
				CLANG_WARN_OBJC_LITERAL_CONVERSION = YES;
				CLANG_WARN_OBJC_ROOT_CLASS = YES_ERROR;
				CLANG_WARN_RANGE_LOOP_ANALYSIS = YES;
				CLANG_WARN_STRICT_PROTOTYPES = YES;
				CLANG_WARN_SUSPICIOUS_MOVE = YES;
				CLANG_WARN_UNGUARDED_AVAILABILITY = YES_AGGRESSIVE;
				CLANG_WARN_UNREACHABLE_CODE = YES;
				CLANG_WARN__DUPLICATE_METHOD_MATCH = YES;
				COPY_PHASE_STRIP = NO;
				DEBUG_INFORMATION_FORMAT = "dwarf-with-dsym";
				ENABLE_NS_ASSERTIONS = NO;
				ENABLE_STRICT_OBJC_MSGSEND = YES;
				GCC_C_LANGUAGE_STANDARD = gnu11;
				GCC_NO_COMMON_BLOCKS = YES;
				GCC_WARN_64_TO_32_BIT_CONVERSION = YES;
				GCC_WARN_ABOUT_RETURN_TYPE = YES_ERROR;
				GCC_WARN_UNDECLARED_SELECTOR = YES;
				GCC_WARN_UNINITIALIZED_AUTOS = YES_AGGRESSIVE;
				GCC_WARN_UNUSED_FUNCTION = YES;
				GCC_WARN_UNUSED_VARIABLE = YES;
				IPHONEOS_DEPLOYMENT_TARGET = 13.6;
				MTL_ENABLE_DEBUG_INFO = NO;
				MTL_FAST_MATH = YES;
				SDKROOT = iphoneos;
				SWIFT_COMPILATION_MODE = wholemodule;
				SWIFT_OPTIMIZATION_LEVEL = "-O";
				VALIDATE_PRODUCT = YES;
			};
			name = Release;
		};
		8D395A6F24E32EE90032226E /* Debug */ = {
			isa = XCBuildConfiguration;
			buildSettings = {
				ASSETCATALOG_COMPILER_APPICON_NAME = AppIcon;
				CODE_SIGN_STYLE = Automatic;
				DEVELOPMENT_ASSET_PATHS = "\"test.cicd/Preview Content\"";
				DEVELOPMENT_TEAM = C536ENH863;
				ENABLE_PREVIEWS = YES;
				INFOPLIST_FILE = test.cicd/Info.plist;
				LD_RUNPATH_SEARCH_PATHS = (
					"$(inherited)",
					"@executable_path/Frameworks",
				);
				PRODUCT_BUNDLE_IDENTIFIER = "test.johnny.test-cicd";
				PRODUCT_NAME = "$(TARGET_NAME)";
				SWIFT_VERSION = 5.0;
				TARGETED_DEVICE_FAMILY = "1,2";
			};
			name = Debug;
		};
		8D395A7024E32EE90032226E /* Release */ = {
			isa = XCBuildConfiguration;
			buildSettings = {
				ASSETCATALOG_COMPILER_APPICON_NAME = AppIcon;
				CODE_SIGN_STYLE = Automatic;
				DEVELOPMENT_ASSET_PATHS = "\"test.cicd/Preview Content\"";
				DEVELOPMENT_TEAM = C536ENH863;
				ENABLE_PREVIEWS = YES;
				INFOPLIST_FILE = test.cicd/Info.plist;
				LD_RUNPATH_SEARCH_PATHS = (
					"$(inherited)",
					"@executable_path/Frameworks",
				);
				PRODUCT_BUNDLE_IDENTIFIER = "test.johnny.test-cicd";
				PRODUCT_NAME = "$(TARGET_NAME)";
				SWIFT_VERSION = 5.0;
				TARGETED_DEVICE_FAMILY = "1,2";
			};
			name = Release;
		};
		8D395A7224E32EE90032226E /* Debug */ = {
			isa = XCBuildConfiguration;
			buildSettings = {
				ALWAYS_EMBED_SWIFT_STANDARD_LIBRARIES = YES;
				BUNDLE_LOADER = "$(TEST_HOST)";
				CODE_SIGN_STYLE = Automatic;
				DEVELOPMENT_TEAM = C536ENH863;
				INFOPLIST_FILE = test.cicdTests/Info.plist;
				IPHONEOS_DEPLOYMENT_TARGET = 13.6;
				LD_RUNPATH_SEARCH_PATHS = (
					"$(inherited)",
					"@executable_path/Frameworks",
					"@loader_path/Frameworks",
				);
				PRODUCT_BUNDLE_IDENTIFIER = "test.johnny.test-cicdTests";
				PRODUCT_NAME = "$(TARGET_NAME)";
				SWIFT_VERSION = 5.0;
				TARGETED_DEVICE_FAMILY = "1,2";
				TEST_HOST = "$(BUILT_PRODUCTS_DIR)/test.cicd.app/test.cicd";
			};
			name = Debug;
		};
		8D395A7324E32EE90032226E /* Release */ = {
			isa = XCBuildConfiguration;
			buildSettings = {
				ALWAYS_EMBED_SWIFT_STANDARD_LIBRARIES = YES;
				BUNDLE_LOADER = "$(TEST_HOST)";
				CODE_SIGN_STYLE = Automatic;
				DEVELOPMENT_TEAM = C536ENH863;
				INFOPLIST_FILE = test.cicdTests/Info.plist;
				IPHONEOS_DEPLOYMENT_TARGET = 13.6;
				LD_RUNPATH_SEARCH_PATHS = (
					"$(inherited)",
					"@executable_path/Frameworks",
					"@loader_path/Frameworks",
				);
				PRODUCT_BUNDLE_IDENTIFIER = "test.johnny.test-cicdTests";
				PRODUCT_NAME = "$(TARGET_NAME)";
				SWIFT_VERSION = 5.0;
				TARGETED_DEVICE_FAMILY = "1,2";
				TEST_HOST = "$(BUILT_PRODUCTS_DIR)/test.cicd.app/test.cicd";
			};
			name = Release;
		};
		8D395A7524E32EE90032226E /* Debug */ = {
			isa = XCBuildConfiguration;
			buildSettings = {
				ALWAYS_EMBED_SWIFT_STANDARD_LIBRARIES = YES;
				CODE_SIGN_STYLE = Automatic;
				DEVELOPMENT_TEAM = C536ENH863;
				INFOPLIST_FILE = test.cicdUITests/Info.plist;
				LD_RUNPATH_SEARCH_PATHS = (
					"$(inherited)",
					"@executable_path/Frameworks",
					"@loader_path/Frameworks",
				);
				PRODUCT_BUNDLE_IDENTIFIER = "test.johnny.test-cicdUITests";
				PRODUCT_NAME = "$(TARGET_NAME)";
				SWIFT_VERSION = 5.0;
				TARGETED_DEVICE_FAMILY = "1,2";
				TEST_TARGET_NAME = test.cicd;
			};
			name = Debug;
		};
		8D395A7624E32EE90032226E /* Release */ = {
			isa = XCBuildConfiguration;
			buildSettings = {
				ALWAYS_EMBED_SWIFT_STANDARD_LIBRARIES = YES;
				CODE_SIGN_STYLE = Automatic;
				DEVELOPMENT_TEAM = C536ENH863;
				INFOPLIST_FILE = test.cicdUITests/Info.plist;
				LD_RUNPATH_SEARCH_PATHS = (
					"$(inherited)",
					"@executable_path/Frameworks",
					"@loader_path/Frameworks",
				);
				PRODUCT_BUNDLE_IDENTIFIER = "test.johnny.test-cicdUITests";
				PRODUCT_NAME = "$(TARGET_NAME)";
				SWIFT_VERSION = 5.0;
				TARGETED_DEVICE_FAMILY = "1,2";
				TEST_TARGET_NAME = test.cicd;
			};
			name = Release;
		};
/* End XCBuildConfiguration section */

/* Begin XCConfigurationList section */
		8D395A3F24E32EE60032226E /* Build configuration list for PBXProject "test.cicd" */ = {
			isa = XCConfigurationList;
			buildConfigurations = (
				8D395A6C24E32EE90032226E /* Debug */,
				8D395A6D24E32EE90032226E /* Release */,
			);
			defaultConfigurationIsVisible = 0;
			defaultConfigurationName = Release;
		};
		8D395A6E24E32EE90032226E /* Build configuration list for PBXNativeTarget "test.cicd" */ = {
			isa = XCConfigurationList;
			buildConfigurations = (
				8D395A6F24E32EE90032226E /* Debug */,
				8D395A7024E32EE90032226E /* Release */,
			);
			defaultConfigurationIsVisible = 0;
			defaultConfigurationName = Release;
		};
		8D395A7124E32EE90032226E /* Build configuration list for PBXNativeTarget "test.cicdTests" */ = {
			isa = XCConfigurationList;
			buildConfigurations = (
				8D395A7224E32EE90032226E /* Debug */,
				8D395A7324E32EE90032226E /* Release */,
			);
			defaultConfigurationIsVisible = 0;
			defaultConfigurationName = Release;
		};
		8D395A7424E32EE90032226E /* Build configuration list for PBXNativeTarget "test.cicdUITests" */ = {
			isa = XCConfigurationList;
			buildConfigurations = (
				8D395A7524E32EE90032226E /* Debug */,
				8D395A7624E32EE90032226E /* Release */,
			);
			defaultConfigurationIsVisible = 0;
			defaultConfigurationName = Release;
		};
/* End XCConfigurationList section */

/* Begin XCRemoteSwiftPackageReference section */
		8D78461924E3313C008EC1AB /* XCRemoteSwiftPackageReference "realm-cocoa" */ = {
			isa = XCRemoteSwiftPackageReference;
			repositoryURL = "https://github.com/realm/realm-cocoa";
			requirement = {
				kind = upToNextMajorVersion;
				minimumVersion = 5.3.3;
			};
		};
/* End XCRemoteSwiftPackageReference section */
	};
	rootObject = 8D395A3C24E32EE60032226E /* Project object */;
}
